
Microsoft Visual Studio Solution File, Format Version 12.00
# Visual Studio Version 16
VisualStudioVersion = 16.0.30711.63
MinimumVisualStudioVersion = 10.0.40219.1
Project("{9A19103F-16F7-4668-BE54-9A1E7A4F7556}") = "ConsoleApp25", "ConsoleApp25\ConsoleApp25.csproj", "{69161574-3A89-4BFB-BE50-423004D35F52}"
EndProject
Project("{9A19103F-16F7-4668-BE54-9A1E7A4F7556}") = "ClassLibrary1", "ClassLibrary1\ClassLibrary1.csproj", "{102E1E4C-D3FE-4E9C-9D1F-A30C37E623F2}"
EndProject
Project("{FAE04EC0-301F-11D3-BF4B-00C04F79EFBC}") = "MemoryProfile", "MemoryProfile\MemoryProfile.csproj", "{2AE2F519-1776-4C53-A973-742B70758F98}"
EndProject
Global
	GlobalSection(SolutionConfigurationPlatforms) = preSolution
		Debug|Any CPU = Debug|Any CPU
		Release|Any CPU = Release|Any CPU
	EndGlobalSection
	GlobalSection(ProjectConfigurationPlatforms) = postSolution
		{69161574-3A89-4BFB-BE50-423004D35F52}.Debug|Any CPU.ActiveCfg = Debug|Any CPU
		{69161574-3A89-4BFB-BE50-423004D35F52}.Debug|Any CPU.Build.0 = Debug|Any CPU
		{69161574-3A89-4BFB-BE50-423004D35F52}.Release|Any CPU.ActiveCfg = Release|Any CPU
		{69161574-3A89-4BFB-BE50-423004D35F52}.Release|Any CPU.Build.0 = Release|Any CPU
		{102E1E4C-D3FE-4E9C-9D1F-A30C37E623F2}.Debug|Any CPU.ActiveCfg = Debug|Any CPU
		{102E1E4C-D3FE-4E9C-9D1F-A30C37E623F2}.Debug|Any CPU.Build.0 = Debug|Any CPU
		{102E1E4C-D3FE-4E9C-9D1F-A30C37E623F2}.Release|Any CPU.ActiveCfg = Release|Any CPU
		{102E1E4C-D3FE-4E9C-9D1F-A30C37E623F2}.Release|Any CPU.Build.0 = Release|Any CPU
		{2AE2F519-1776-4C53-A973-742B70758F98}.Debug|Any CPU.ActiveCfg = Debug|Any CPU
		{2AE2F519-1776-4C53-A973-742B70758F98}.Debug|Any CPU.Build.0 = Debug|Any CPU
		{2AE2F519-1776-4C53-A973-742B70758F98}.Release|Any CPU.ActiveCfg = Release|Any CPU
		{2AE2F519-1776-4C53-A973-742B70758F98}.Release|Any CPU.Build.0 = Release|Any CPU
	EndGlobalSection
	GlobalSection(SolutionProperties) = preSolution
		HideSolutionNode = FALSE
	EndGlobalSection
	GlobalSection(ExtensibilityGlobals) = postSolution
		SolutionGuid = {D85242D7-3CE3-48EB-9F0E-C3F8C4DC7255}
	EndGlobalSection
EndGlobal
