
Microsoft Visual Studio Solution File, Format Version 12.00
# Visual Studio Version 16
VisualStudioVersion = 16.0.31105.61
MinimumVisualStudioVersion = 10.0.40219.1
Project("{FAE04EC0-301F-11D3-BF4B-00C04F79EFBC}") = "CarterModule", "CarterModule\CarterModule.csproj", "{C1FDD7B3-7B47-436F-B9C1-5E724AD122E9}"
EndProject
Project("{FAE04EC0-301F-11D3-BF4B-00C04F79EFBC}") = "Interfaces", "Interfaces\Interfaces.csproj", "{5F641249-2076-4644-A8F5-D82FB265885D}"
EndProject
Project("{FAE04EC0-301F-11D3-BF4B-00C04F79EFBC}") = "HttpTester", "HttpTester\HttpTester.csproj", "{4237E7A0-3430-4FA5-B7FE-A81E6767172C}"
EndProject
Global
	GlobalSection(SolutionConfigurationPlatforms) = preSolution
		Debug|Any CPU = Debug|Any CPU
		Release|Any CPU = Release|Any CPU
	EndGlobalSection
	GlobalSection(ProjectConfigurationPlatforms) = postSolution
		{C1FDD7B3-7B47-436F-B9C1-5E724AD122E9}.Debug|Any CPU.ActiveCfg = Debug|Any CPU
		{C1FDD7B3-7B47-436F-B9C1-5E724AD122E9}.Debug|Any CPU.Build.0 = Debug|Any CPU
		{C1FDD7B3-7B47-436F-B9C1-5E724AD122E9}.Release|Any CPU.ActiveCfg = Release|Any CPU
		{C1FDD7B3-7B47-436F-B9C1-5E724AD122E9}.Release|Any CPU.Build.0 = Release|Any CPU
		{5F641249-2076-4644-A8F5-D82FB265885D}.Debug|Any CPU.ActiveCfg = Debug|Any CPU
		{5F641249-2076-4644-A8F5-D82FB265885D}.Debug|Any CPU.Build.0 = Debug|Any CPU
		{5F641249-2076-4644-A8F5-D82FB265885D}.Release|Any CPU.ActiveCfg = Release|Any CPU
		{5F641249-2076-4644-A8F5-D82FB265885D}.Release|Any CPU.Build.0 = Release|Any CPU
		{4237E7A0-3430-4FA5-B7FE-A81E6767172C}.Debug|Any CPU.ActiveCfg = Debug|Any CPU
		{4237E7A0-3430-4FA5-B7FE-A81E6767172C}.Debug|Any CPU.Build.0 = Debug|Any CPU
		{4237E7A0-3430-4FA5-B7FE-A81E6767172C}.Release|Any CPU.ActiveCfg = Release|Any CPU
		{4237E7A0-3430-4FA5-B7FE-A81E6767172C}.Release|Any CPU.Build.0 = Release|Any CPU
	EndGlobalSection
	GlobalSection(SolutionProperties) = preSolution
		HideSolutionNode = FALSE
	EndGlobalSection
	GlobalSection(ExtensibilityGlobals) = postSolution
		SolutionGuid = {EDE619E6-B0C2-462D-A409-B6E382584638}
	EndGlobalSection
EndGlobal
